{
  "name": "practicas_ivan",
  "version": "1.0.0",
  "lockfileVersion": 1,
  "requires": true,
  "dependencies": {
    "plotly.js-dist-min": {
      "version": "2.35.3",
      "resolved": "https://registry.npmjs.org/plotly.js-dist-min/-/plotly.js-dist-min-2.35.3.tgz",
      "integrity": "sha512-sz2HLP8gkysLx/BanM2PtJTtZ1PLPwdHwMWNri2YxLBy3IOeuDsVQtlmWa4hoK3j/fi4naaD3uZJqH5ozM3zGg=="
    },
    "sweetalert2": {
      "version": "11.15.10",
      "resolved": "https://registry.npmjs.org/sweetalert2/-/sweetalert2-11.15.10.tgz",
      "integrity": "sha512-Sjiwcd5mWiz8X0JFkHsso2EPVQHrLCjVv+xR6Ry2LKf4KY6kSi4U5pM0Tgmn1c7SMfkyDqPal2NWqwj6vck8bw=="
    }
  }
}
